
Microsoft Visual Studio Solution File, Format Version 12.00
# Visual Studio Version 17
VisualStudioVersion = 17.10.35122.118
MinimumVisualStudioVersion = 10.0.40219.1
Project("{FAE04EC0-301F-11D3-BF4B-00C04F79EFBC}") = "CafeManagement", "CafeManagement.csproj", "{01C7D23E-16E3-45B2-B266-5CB535E911F9}"
EndProject
Global
	GlobalSection(SolutionConfigurationPlatforms) = preSolution
		Debug|Any CPU = Debug|Any CPU
		Release|Any CPU = Release|Any CPU
	EndGlobalSection
	GlobalSection(ProjectConfigurationPlatforms) = postSolution
		{01C7D23E-16E3-45B2-B266-5CB535E911F9}.Debug|Any CPU.ActiveCfg = Debug|Any CPU
		{01C7D23E-16E3-45B2-B266-5CB535E911F9}.Debug|Any CPU.Build.0 = Debug|Any CPU
		{01C7D23E-16E3-45B2-B266-5CB535E911F9}.Release|Any CPU.ActiveCfg = Release|Any CPU
		{01C7D23E-16E3-45B2-B266-5CB535E911F9}.Release|Any CPU.Build.0 = Release|Any CPU
	EndGlobalSection
	GlobalSection(SolutionProperties) = preSolution
		HideSolutionNode = FALSE
	EndGlobalSection
	GlobalSection(ExtensibilityGlobals) = postSolution
		SolutionGuid = {8884D702-D541-46B3-A7FF-E96DDC36D989}
	EndGlobalSection
EndGlobal
